
Microsoft Visual Studio Solution File, Format Version 12.00
# Visual Studio Version 17
VisualStudioVersion = 17.0.31903.59
MinimumVisualStudioVersion = 10.0.40219.1
Project("{2150E333-8FDC-42A3-9474-1A3956D46DE8}") = "src", "src", "{827E0CD3-B72D-47B6-A68D-7590B98EB39B}"
EndProject
Project("{2150E333-8FDC-42A3-9474-1A3956D46DE8}") = "BuildingBlocks", "BuildingBlocks", "{90298CBA-BD6F-3A0A-69D5-97CAD7B05E7E}"
EndProject
Project("{FAE04EC0-301F-11D3-BF4B-00C04F79EFBC}") = "EcoSync.BuildingBlocks", "src\BuildingBlocks\EcoSync.BuildingBlocks\EcoSync.BuildingBlocks.csproj", "{C63B6132-EBBA-42BA-B7AF-6B3CBBD1A116}"
EndProject
Project("{FAE04EC0-301F-11D3-BF4B-00C04F79EFBC}") = "EcoSync.IntegrationEvents", "src\EcoSync.IntegrationEvents\EcoSync.IntegrationEvents.csproj", "{E4F0A99D-F354-4359-AA32-7DE1971DE07C}"
EndProject
Project("{2150E333-8FDC-42A3-9474-1A3956D46DE8}") = "Modules", "Modules", "{EC447DCF-ABFA-6E24-52A5-D7FD48A5C558}"
EndProject
Project("{2150E333-8FDC-42A3-9474-1A3956D46DE8}") = "Catalog", "Catalog", "{1E1EF545-4C18-AEE2-B997-7EF431518D3F}"
EndProject
Project("{2150E333-8FDC-42A3-9474-1A3956D46DE8}") = "Domain", "Domain", "{81736D6C-8CEA-48B8-5EA0-C79902F563B6}"
EndProject
Project("{FAE04EC0-301F-11D3-BF4B-00C04F79EFBC}") = "EcoSync.Modules.Catalog.Domain", "src\Modules\Catalog\Domain\EcoSync.Modules.Catalog.Domain\EcoSync.Modules.Catalog.Domain.csproj", "{7E3CBC8E-B87A-4528-8B27-8924C8AD0193}"
EndProject
Project("{2150E333-8FDC-42A3-9474-1A3956D46DE8}") = "Application", "Application", "{4371E740-2D6F-8592-4DE1-CCD41F57C855}"
EndProject
Project("{FAE04EC0-301F-11D3-BF4B-00C04F79EFBC}") = "EcoSync.Modules.Catalog.Application", "src\Modules\Catalog\Application\EcoSync.Modules.Catalog.Application\EcoSync.Modules.Catalog.Application.csproj", "{CBB1702B-853F-4AE1-90F0-0140C21ECD2B}"
EndProject
Project("{2150E333-8FDC-42A3-9474-1A3956D46DE8}") = "Infrastructure", "Infrastructure", "{AEA5FB4D-85F1-9161-431C-803672BCB9B3}"
EndProject
Project("{FAE04EC0-301F-11D3-BF4B-00C04F79EFBC}") = "EcoSync.Modules.Catalog.Infrastructure", "src\Modules\Catalog\Infrastructure\EcoSync.Modules.Catalog.Infrastructure\EcoSync.Modules.Catalog.Infrastructure.csproj", "{AB9BB8EF-5FBE-495A-B077-2C25B406D7BC}"
EndProject
Project("{2150E333-8FDC-42A3-9474-1A3956D46DE8}") = "API", "API", "{42F652B7-387F-F0BA-8491-91ACDCB83E28}"
EndProject
Project("{FAE04EC0-301F-11D3-BF4B-00C04F79EFBC}") = "EcoSync.Modules.Catalog.API", "src\Modules\Catalog\API\EcoSync.Modules.Catalog.API\EcoSync.Modules.Catalog.API.csproj", "{BCEB2ED4-EAC3-4391-8CFD-3CB3F2C34204}"
EndProject
Project("{2150E333-8FDC-42A3-9474-1A3956D46DE8}") = "Logistics", "Logistics", "{EC506708-7C52-715F-C46E-DCA9049D9940}"
EndProject
Project("{2150E333-8FDC-42A3-9474-1A3956D46DE8}") = "Domain", "Domain", "{67ECC960-8458-3F6B-60C1-7CD830D1AFB2}"
EndProject
Project("{FAE04EC0-301F-11D3-BF4B-00C04F79EFBC}") = "EcoSync.Modules.Logistics.Domain", "src\Modules\Logistics\Domain\EcoSync.Modules.Logistics.Domain\EcoSync.Modules.Logistics.Domain.csproj", "{C6A9C241-E20D-49AD-ACE0-E27A3A9210C2}"
EndProject
Project("{2150E333-8FDC-42A3-9474-1A3956D46DE8}") = "Application", "Application", "{6EC41617-CB63-E5D7-C1DB-C7D08171D81B}"
EndProject
Project("{FAE04EC0-301F-11D3-BF4B-00C04F79EFBC}") = "EcoSync.Modules.Logistics.Application", "src\Modules\Logistics\Application\EcoSync.Modules.Logistics.Application\EcoSync.Modules.Logistics.Application.csproj", "{06554F2F-4976-4048-BF2F-D36CCC85D49A}"
EndProject
Project("{2150E333-8FDC-42A3-9474-1A3956D46DE8}") = "Infrastructure", "Infrastructure", "{187220CF-EE35-9B8F-1A7C-2D07FCB92CBD}"
EndProject
Project("{FAE04EC0-301F-11D3-BF4B-00C04F79EFBC}") = "EcoSync.Modules.Logistics.Infrastructure", "src\Modules\Logistics\Infrastructure\EcoSync.Modules.Logistics.Infrastructure\EcoSync.Modules.Logistics.Infrastructure.csproj", "{F84CD4CB-B909-4060-BB39-7DEC88614DCB}"
EndProject
Project("{2150E333-8FDC-42A3-9474-1A3956D46DE8}") = "API", "API", "{DDF3ECE9-AC21-5E10-2428-0AE6EB34B83B}"
EndProject
Project("{FAE04EC0-301F-11D3-BF4B-00C04F79EFBC}") = "EcoSync.Modules.Logistics.API", "src\Modules\Logistics\API\EcoSync.Modules.Logistics.API\EcoSync.Modules.Logistics.API.csproj", "{9B6DFDAC-AA1F-4F87-B68C-0D1FE61509D1}"
EndProject
Project("{2150E333-8FDC-42A3-9474-1A3956D46DE8}") = "Sustainability", "Sustainability", "{C9E1B07B-A222-607C-4164-45402BCE8C48}"
EndProject
Project("{2150E333-8FDC-42A3-9474-1A3956D46DE8}") = "Domain", "Domain", "{B532D852-F875-52B7-2583-A111F2EC4797}"
EndProject
Project("{FAE04EC0-301F-11D3-BF4B-00C04F79EFBC}") = "EcoSync.Modules.Sustainability.Domain", "src\Modules\Sustainability\Domain\EcoSync.Modules.Sustainability.Domain\EcoSync.Modules.Sustainability.Domain.csproj", "{AC4D3ADA-58AF-42A8-8543-85E2CA855907}"
EndProject
Project("{2150E333-8FDC-42A3-9474-1A3956D46DE8}") = "Application", "Application", "{535223EB-7AE7-2DBF-7587-B3FAAF0C1F22}"
EndProject
Project("{FAE04EC0-301F-11D3-BF4B-00C04F79EFBC}") = "EcoSync.Modules.Sustainability.Application", "src\Modules\Sustainability\Application\EcoSync.Modules.Sustainability.Application\EcoSync.Modules.Sustainability.Application.csproj", "{461B0D5F-7413-4F77-A3B9-7FDE4C2027AC}"
EndProject
Project("{2150E333-8FDC-42A3-9474-1A3956D46DE8}") = "Infrastructure", "Infrastructure", "{722E447C-E1D8-6A5E-3E3E-7DBB094CB4EC}"
EndProject
Project("{FAE04EC0-301F-11D3-BF4B-00C04F79EFBC}") = "EcoSync.Modules.Sustainability.Infrastructure", "src\Modules\Sustainability\Infrastructure\EcoSync.Modules.Sustainability.Infrastructure\EcoSync.Modules.Sustainability.Infrastructure.csproj", "{75F9AECA-79C1-49F0-BF0E-975619DC92E3}"
EndProject
Project("{2150E333-8FDC-42A3-9474-1A3956D46DE8}") = "API", "API", "{66C42229-F9A9-4045-3BF7-0C189D171D71}"
EndProject
Project("{FAE04EC0-301F-11D3-BF4B-00C04F79EFBC}") = "EcoSync.Modules.Sustainability.API", "src\Modules\Sustainability\API\EcoSync.Modules.Sustainability.API\EcoSync.Modules.Sustainability.API.csproj", "{7FE4A182-D1BC-4363-A6D6-1E05914E675A}"
EndProject
Project("{2150E333-8FDC-42A3-9474-1A3956D46DE8}") = "Identity", "Identity", "{0EC62A1A-9858-3A60-8A0C-FC9AACFA2EC7}"
EndProject
Project("{2150E333-8FDC-42A3-9474-1A3956D46DE8}") = "Domain", "Domain", "{4D5DCD5F-56A9-CDDD-B2B1-3C00DD2DF930}"
EndProject
Project("{FAE04EC0-301F-11D3-BF4B-00C04F79EFBC}") = "EcoSync.Modules.Identity.Domain", "src\Modules\Identity\Domain\EcoSync.Modules.Identity.Domain\EcoSync.Modules.Identity.Domain.csproj", "{1B2F0FFC-4ABB-4046-9B68-EE97D5ED0382}"
EndProject
Project("{2150E333-8FDC-42A3-9474-1A3956D46DE8}") = "Application", "Application", "{0DE85A42-5AB0-179C-733E-58510D3B8784}"
EndProject
Project("{FAE04EC0-301F-11D3-BF4B-00C04F79EFBC}") = "EcoSync.Modules.Identity.Application", "src\Modules\Identity\Application\EcoSync.Modules.Identity.Application\EcoSync.Modules.Identity.Application.csproj", "{D94E31D1-14C4-4EAE-A5EC-63B51FC4746A}"
EndProject
Project("{2150E333-8FDC-42A3-9474-1A3956D46DE8}") = "Infrastructure", "Infrastructure", "{4780257D-0BA4-5E80-C62C-815EC08EBD56}"
EndProject
Project("{FAE04EC0-301F-11D3-BF4B-00C04F79EFBC}") = "EcoSync.Modules.Identity.Infrastructure", "src\Modules\Identity\Infrastructure\EcoSync.Modules.Identity.Infrastructure\EcoSync.Modules.Identity.Infrastructure.csproj", "{0C4C89B6-2562-4736-932D-D546044215B9}"
EndProject
Project("{2150E333-8FDC-42A3-9474-1A3956D46DE8}") = "API", "API", "{72D4D0F4-6E83-931B-2493-A2C773F0B32E}"
EndProject
Project("{FAE04EC0-301F-11D3-BF4B-00C04F79EFBC}") = "EcoSync.Modules.Identity.API", "src\Modules\Identity\API\EcoSync.Modules.Identity.API\EcoSync.Modules.Identity.API.csproj", "{EB406B59-885B-44F6-8D3B-13DF2B6CA736}"
EndProject
Project("{2150E333-8FDC-42A3-9474-1A3956D46DE8}") = "API", "API", "{81034408-37C8-1011-444E-4C15C2FADA8E}"
EndProject
Project("{FAE04EC0-301F-11D3-BF4B-00C04F79EFBC}") = "EcoSync.API", "src\API\EcoSync.API\EcoSync.API.csproj", "{2E9A16A7-E7A5-42EE-941C-CCF3B5C112F4}"
EndProject
Project("{2150E333-8FDC-42A3-9474-1A3956D46DE8}") = "SharedKernel", "SharedKernel", "{85F909CB-8F14-ECC8-BA9D-713D1771907F}"
EndProject
Project("{FAE04EC0-301F-11D3-BF4B-00C04F79EFBC}") = "EcoSync.SharedKernel", "src\SharedKernel\EcoSync.SharedKernel\EcoSync.SharedKernel.csproj", "{BB25544C-CA65-43CA-8A6D-221D12CCF97D}"
EndProject
Global
	GlobalSection(SolutionConfigurationPlatforms) = preSolution
		Debug|Any CPU = Debug|Any CPU
		Debug|x64 = Debug|x64
		Debug|x86 = Debug|x86
		Release|Any CPU = Release|Any CPU
		Release|x64 = Release|x64
		Release|x86 = Release|x86
	EndGlobalSection
	GlobalSection(ProjectConfigurationPlatforms) = postSolution
		{C63B6132-EBBA-42BA-B7AF-6B3CBBD1A116}.Debug|Any CPU.ActiveCfg = Debug|Any CPU
		{C63B6132-EBBA-42BA-B7AF-6B3CBBD1A116}.Debug|Any CPU.Build.0 = Debug|Any CPU
		{C63B6132-EBBA-42BA-B7AF-6B3CBBD1A116}.Debug|x64.ActiveCfg = Debug|Any CPU
		{C63B6132-EBBA-42BA-B7AF-6B3CBBD1A116}.Debug|x64.Build.0 = Debug|Any CPU
		{C63B6132-EBBA-42BA-B7AF-6B3CBBD1A116}.Debug|x86.ActiveCfg = Debug|Any CPU
		{C63B6132-EBBA-42BA-B7AF-6B3CBBD1A116}.Debug|x86.Build.0 = Debug|Any CPU
		{C63B6132-EBBA-42BA-B7AF-6B3CBBD1A116}.Release|Any CPU.ActiveCfg = Release|Any CPU
		{C63B6132-EBBA-42BA-B7AF-6B3CBBD1A116}.Release|Any CPU.Build.0 = Release|Any CPU
		{C63B6132-EBBA-42BA-B7AF-6B3CBBD1A116}.Release|x64.ActiveCfg = Release|Any CPU
		{C63B6132-EBBA-42BA-B7AF-6B3CBBD1A116}.Release|x64.Build.0 = Release|Any CPU
		{C63B6132-EBBA-42BA-B7AF-6B3CBBD1A116}.Release|x86.ActiveCfg = Release|Any CPU
		{C63B6132-EBBA-42BA-B7AF-6B3CBBD1A116}.Release|x86.Build.0 = Release|Any CPU
		{E4F0A99D-F354-4359-AA32-7DE1971DE07C}.Debug|Any CPU.ActiveCfg = Debug|Any CPU
		{E4F0A99D-F354-4359-AA32-7DE1971DE07C}.Debug|Any CPU.Build.0 = Debug|Any CPU
		{E4F0A99D-F354-4359-AA32-7DE1971DE07C}.Debug|x64.ActiveCfg = Debug|Any CPU
		{E4F0A99D-F354-4359-AA32-7DE1971DE07C}.Debug|x64.Build.0 = Debug|Any CPU
		{E4F0A99D-F354-4359-AA32-7DE1971DE07C}.Debug|x86.ActiveCfg = Debug|Any CPU
		{E4F0A99D-F354-4359-AA32-7DE1971DE07C}.Debug|x86.Build.0 = Debug|Any CPU
		{E4F0A99D-F354-4359-AA32-7DE1971DE07C}.Release|Any CPU.ActiveCfg = Release|Any CPU
		{E4F0A99D-F354-4359-AA32-7DE1971DE07C}.Release|Any CPU.Build.0 = Release|Any CPU
		{E4F0A99D-F354-4359-AA32-7DE1971DE07C}.Release|x64.ActiveCfg = Release|Any CPU
		{E4F0A99D-F354-4359-AA32-7DE1971DE07C}.Release|x64.Build.0 = Release|Any CPU
		{E4F0A99D-F354-4359-AA32-7DE1971DE07C}.Release|x86.ActiveCfg = Release|Any CPU
		{E4F0A99D-F354-4359-AA32-7DE1971DE07C}.Release|x86.Build.0 = Release|Any CPU
		{7E3CBC8E-B87A-4528-8B27-8924C8AD0193}.Debug|Any CPU.ActiveCfg = Debug|Any CPU
		{7E3CBC8E-B87A-4528-8B27-8924C8AD0193}.Debug|Any CPU.Build.0 = Debug|Any CPU
		{7E3CBC8E-B87A-4528-8B27-8924C8AD0193}.Debug|x64.ActiveCfg = Debug|Any CPU
		{7E3CBC8E-B87A-4528-8B27-8924C8AD0193}.Debug|x64.Build.0 = Debug|Any CPU
		{7E3CBC8E-B87A-4528-8B27-8924C8AD0193}.Debug|x86.ActiveCfg = Debug|Any CPU
		{7E3CBC8E-B87A-4528-8B27-8924C8AD0193}.Debug|x86.Build.0 = Debug|Any CPU
		{7E3CBC8E-B87A-4528-8B27-8924C8AD0193}.Release|Any CPU.ActiveCfg = Release|Any CPU
		{7E3CBC8E-B87A-4528-8B27-8924C8AD0193}.Release|Any CPU.Build.0 = Release|Any CPU
		{7E3CBC8E-B87A-4528-8B27-8924C8AD0193}.Release|x64.ActiveCfg = Release|Any CPU
		{7E3CBC8E-B87A-4528-8B27-8924C8AD0193}.Release|x64.Build.0 = Release|Any CPU
		{7E3CBC8E-B87A-4528-8B27-8924C8AD0193}.Release|x86.ActiveCfg = Release|Any CPU
		{7E3CBC8E-B87A-4528-8B27-8924C8AD0193}.Release|x86.Build.0 = Release|Any CPU
		{CBB1702B-853F-4AE1-90F0-0140C21ECD2B}.Debug|Any CPU.ActiveCfg = Debug|Any CPU
		{CBB1702B-853F-4AE1-90F0-0140C21ECD2B}.Debug|Any CPU.Build.0 = Debug|Any CPU
		{CBB1702B-853F-4AE1-90F0-0140C21ECD2B}.Debug|x64.ActiveCfg = Debug|Any CPU
		{CBB1702B-853F-4AE1-90F0-0140C21ECD2B}.Debug|x64.Build.0 = Debug|Any CPU
		{CBB1702B-853F-4AE1-90F0-0140C21ECD2B}.Debug|x86.ActiveCfg = Debug|Any CPU
		{CBB1702B-853F-4AE1-90F0-0140C21ECD2B}.Debug|x86.Build.0 = Debug|Any CPU
		{CBB1702B-853F-4AE1-90F0-0140C21ECD2B}.Release|Any CPU.ActiveCfg = Release|Any CPU
		{CBB1702B-853F-4AE1-90F0-0140C21ECD2B}.Release|Any CPU.Build.0 = Release|Any CPU
		{CBB1702B-853F-4AE1-90F0-0140C21ECD2B}.Release|x64.ActiveCfg = Release|Any CPU
		{CBB1702B-853F-4AE1-90F0-0140C21ECD2B}.Release|x64.Build.0 = Release|Any CPU
		{CBB1702B-853F-4AE1-90F0-0140C21ECD2B}.Release|x86.ActiveCfg = Release|Any CPU
		{CBB1702B-853F-4AE1-90F0-0140C21ECD2B}.Release|x86.Build.0 = Release|Any CPU
		{AB9BB8EF-5FBE-495A-B077-2C25B406D7BC}.Debug|Any CPU.ActiveCfg = Debug|Any CPU
		{AB9BB8EF-5FBE-495A-B077-2C25B406D7BC}.Debug|Any CPU.Build.0 = Debug|Any CPU
		{AB9BB8EF-5FBE-495A-B077-2C25B406D7BC}.Debug|x64.ActiveCfg = Debug|Any CPU
		{AB9BB8EF-5FBE-495A-B077-2C25B406D7BC}.Debug|x64.Build.0 = Debug|Any CPU
		{AB9BB8EF-5FBE-495A-B077-2C25B406D7BC}.Debug|x86.ActiveCfg = Debug|Any CPU
		{AB9BB8EF-5FBE-495A-B077-2C25B406D7BC}.Debug|x86.Build.0 = Debug|Any CPU
		{AB9BB8EF-5FBE-495A-B077-2C25B406D7BC}.Release|Any CPU.ActiveCfg = Release|Any CPU
		{AB9BB8EF-5FBE-495A-B077-2C25B406D7BC}.Release|Any CPU.Build.0 = Release|Any CPU
		{AB9BB8EF-5FBE-495A-B077-2C25B406D7BC}.Release|x64.ActiveCfg = Release|Any CPU
		{AB9BB8EF-5FBE-495A-B077-2C25B406D7BC}.Release|x64.Build.0 = Release|Any CPU
		{AB9BB8EF-5FBE-495A-B077-2C25B406D7BC}.Release|x86.ActiveCfg = Release|Any CPU
		{AB9BB8EF-5FBE-495A-B077-2C25B406D7BC}.Release|x86.Build.0 = Release|Any CPU
		{BCEB2ED4-EAC3-4391-8CFD-3CB3F2C34204}.Debug|Any CPU.ActiveCfg = Debug|Any CPU
		{BCEB2ED4-EAC3-4391-8CFD-3CB3F2C34204}.Debug|Any CPU.Build.0 = Debug|Any CPU
		{BCEB2ED4-EAC3-4391-8CFD-3CB3F2C34204}.Debug|x64.ActiveCfg = Debug|Any CPU
		{BCEB2ED4-EAC3-4391-8CFD-3CB3F2C34204}.Debug|x64.Build.0 = Debug|Any CPU
		{BCEB2ED4-EAC3-4391-8CFD-3CB3F2C34204}.Debug|x86.ActiveCfg = Debug|Any CPU
		{BCEB2ED4-EAC3-4391-8CFD-3CB3F2C34204}.Debug|x86.Build.0 = Debug|Any CPU
		{BCEB2ED4-EAC3-4391-8CFD-3CB3F2C34204}.Release|Any CPU.ActiveCfg = Release|Any CPU
		{BCEB2ED4-EAC3-4391-8CFD-3CB3F2C34204}.Release|Any CPU.Build.0 = Release|Any CPU
		{BCEB2ED4-EAC3-4391-8CFD-3CB3F2C34204}.Release|x64.ActiveCfg = Release|Any CPU
		{BCEB2ED4-EAC3-4391-8CFD-3CB3F2C34204}.Release|x64.Build.0 = Release|Any CPU
		{BCEB2ED4-EAC3-4391-8CFD-3CB3F2C34204}.Release|x86.ActiveCfg = Release|Any CPU
		{BCEB2ED4-EAC3-4391-8CFD-3CB3F2C34204}.Release|x86.Build.0 = Release|Any CPU
		{C6A9C241-E20D-49AD-ACE0-E27A3A9210C2}.Debug|Any CPU.ActiveCfg = Debug|Any CPU
		{C6A9C241-E20D-49AD-ACE0-E27A3A9210C2}.Debug|Any CPU.Build.0 = Debug|Any CPU
		{C6A9C241-E20D-49AD-ACE0-E27A3A9210C2}.Debug|x64.ActiveCfg = Debug|Any CPU
		{C6A9C241-E20D-49AD-ACE0-E27A3A9210C2}.Debug|x64.Build.0 = Debug|Any CPU
		{C6A9C241-E20D-49AD-ACE0-E27A3A9210C2}.Debug|x86.ActiveCfg = Debug|Any CPU
		{C6A9C241-E20D-49AD-ACE0-E27A3A9210C2}.Debug|x86.Build.0 = Debug|Any CPU
		{C6A9C241-E20D-49AD-ACE0-E27A3A9210C2}.Release|Any CPU.ActiveCfg = Release|Any CPU
		{C6A9C241-E20D-49AD-ACE0-E27A3A9210C2}.Release|Any CPU.Build.0 = Release|Any CPU
		{C6A9C241-E20D-49AD-ACE0-E27A3A9210C2}.Release|x64.ActiveCfg = Release|Any CPU
		{C6A9C241-E20D-49AD-ACE0-E27A3A9210C2}.Release|x64.Build.0 = Release|Any CPU
		{C6A9C241-E20D-49AD-ACE0-E27A3A9210C2}.Release|x86.ActiveCfg = Release|Any CPU
		{C6A9C241-E20D-49AD-ACE0-E27A3A9210C2}.Release|x86.Build.0 = Release|Any CPU
		{06554F2F-4976-4048-BF2F-D36CCC85D49A}.Debug|Any CPU.ActiveCfg = Debug|Any CPU
		{06554F2F-4976-4048-BF2F-D36CCC85D49A}.Debug|Any CPU.Build.0 = Debug|Any CPU
		{06554F2F-4976-4048-BF2F-D36CCC85D49A}.Debug|x64.ActiveCfg = Debug|Any CPU
		{06554F2F-4976-4048-BF2F-D36CCC85D49A}.Debug|x64.Build.0 = Debug|Any CPU
		{06554F2F-4976-4048-BF2F-D36CCC85D49A}.Debug|x86.ActiveCfg = Debug|Any CPU
		{06554F2F-4976-4048-BF2F-D36CCC85D49A}.Debug|x86.Build.0 = Debug|Any CPU
		{06554F2F-4976-4048-BF2F-D36CCC85D49A}.Release|Any CPU.ActiveCfg = Release|Any CPU
		{06554F2F-4976-4048-BF2F-D36CCC85D49A}.Release|Any CPU.Build.0 = Release|Any CPU
		{06554F2F-4976-4048-BF2F-D36CCC85D49A}.Release|x64.ActiveCfg = Release|Any CPU
		{06554F2F-4976-4048-BF2F-D36CCC85D49A}.Release|x64.Build.0 = Release|Any CPU
		{06554F2F-4976-4048-BF2F-D36CCC85D49A}.Release|x86.ActiveCfg = Release|Any CPU
		{06554F2F-4976-4048-BF2F-D36CCC85D49A}.Release|x86.Build.0 = Release|Any CPU
		{F84CD4CB-B909-4060-BB39-7DEC88614DCB}.Debug|Any CPU.ActiveCfg = Debug|Any CPU
		{F84CD4CB-B909-4060-BB39-7DEC88614DCB}.Debug|Any CPU.Build.0 = Debug|Any CPU
		{F84CD4CB-B909-4060-BB39-7DEC88614DCB}.Debug|x64.ActiveCfg = Debug|Any CPU
		{F84CD4CB-B909-4060-BB39-7DEC88614DCB}.Debug|x64.Build.0 = Debug|Any CPU
		{F84CD4CB-B909-4060-BB39-7DEC88614DCB}.Debug|x86.ActiveCfg = Debug|Any CPU
		{F84CD4CB-B909-4060-BB39-7DEC88614DCB}.Debug|x86.Build.0 = Debug|Any CPU
		{F84CD4CB-B909-4060-BB39-7DEC88614DCB}.Release|Any CPU.ActiveCfg = Release|Any CPU
		{F84CD4CB-B909-4060-BB39-7DEC88614DCB}.Release|Any CPU.Build.0 = Release|Any CPU
		{F84CD4CB-B909-4060-BB39-7DEC88614DCB}.Release|x64.ActiveCfg = Release|Any CPU
		{F84CD4CB-B909-4060-BB39-7DEC88614DCB}.Release|x64.Build.0 = Release|Any CPU
		{F84CD4CB-B909-4060-BB39-7DEC88614DCB}.Release|x86.ActiveCfg = Release|Any CPU
		{F84CD4CB-B909-4060-BB39-7DEC88614DCB}.Release|x86.Build.0 = Release|Any CPU
		{9B6DFDAC-AA1F-4F87-B68C-0D1FE61509D1}.Debug|Any CPU.ActiveCfg = Debug|Any CPU
		{9B6DFDAC-AA1F-4F87-B68C-0D1FE61509D1}.Debug|Any CPU.Build.0 = Debug|Any CPU
		{9B6DFDAC-AA1F-4F87-B68C-0D1FE61509D1}.Debug|x64.ActiveCfg = Debug|Any CPU
		{9B6DFDAC-AA1F-4F87-B68C-0D1FE61509D1}.Debug|x64.Build.0 = Debug|Any CPU
		{9B6DFDAC-AA1F-4F87-B68C-0D1FE61509D1}.Debug|x86.ActiveCfg = Debug|Any CPU
		{9B6DFDAC-AA1F-4F87-B68C-0D1FE61509D1}.Debug|x86.Build.0 = Debug|Any CPU
		{9B6DFDAC-AA1F-4F87-B68C-0D1FE61509D1}.Release|Any CPU.ActiveCfg = Release|Any CPU
		{9B6DFDAC-AA1F-4F87-B68C-0D1FE61509D1}.Release|Any CPU.Build.0 = Release|Any CPU
		{9B6DFDAC-AA1F-4F87-B68C-0D1FE61509D1}.Release|x64.ActiveCfg = Release|Any CPU
		{9B6DFDAC-AA1F-4F87-B68C-0D1FE61509D1}.Release|x64.Build.0 = Release|Any CPU
		{9B6DFDAC-AA1F-4F87-B68C-0D1FE61509D1}.Release|x86.ActiveCfg = Release|Any CPU
		{9B6DFDAC-AA1F-4F87-B68C-0D1FE61509D1}.Release|x86.Build.0 = Release|Any CPU
		{AC4D3ADA-58AF-42A8-8543-85E2CA855907}.Debug|Any CPU.ActiveCfg = Debug|Any CPU
		{AC4D3ADA-58AF-42A8-8543-85E2CA855907}.Debug|Any CPU.Build.0 = Debug|Any CPU
		{AC4D3ADA-58AF-42A8-8543-85E2CA855907}.Debug|x64.ActiveCfg = Debug|Any CPU
		{AC4D3ADA-58AF-42A8-8543-85E2CA855907}.Debug|x64.Build.0 = Debug|Any CPU
		{AC4D3ADA-58AF-42A8-8543-85E2CA855907}.Debug|x86.ActiveCfg = Debug|Any CPU
		{AC4D3ADA-58AF-42A8-8543-85E2CA855907}.Debug|x86.Build.0 = Debug|Any CPU
		{AC4D3ADA-58AF-42A8-8543-85E2CA855907}.Release|Any CPU.ActiveCfg = Release|Any CPU
		{AC4D3ADA-58AF-42A8-8543-85E2CA855907}.Release|Any CPU.Build.0 = Release|Any CPU
		{AC4D3ADA-58AF-42A8-8543-85E2CA855907}.Release|x64.ActiveCfg = Release|Any CPU
		{AC4D3ADA-58AF-42A8-8543-85E2CA855907}.Release|x64.Build.0 = Release|Any CPU
		{AC4D3ADA-58AF-42A8-8543-85E2CA855907}.Release|x86.ActiveCfg = Release|Any CPU
		{AC4D3ADA-58AF-42A8-8543-85E2CA855907}.Release|x86.Build.0 = Release|Any CPU
		{461B0D5F-7413-4F77-A3B9-7FDE4C2027AC}.Debug|Any CPU.ActiveCfg = Debug|Any CPU
		{461B0D5F-7413-4F77-A3B9-7FDE4C2027AC}.Debug|Any CPU.Build.0 = Debug|Any CPU
		{461B0D5F-7413-4F77-A3B9-7FDE4C2027AC}.Debug|x64.ActiveCfg = Debug|Any CPU
		{461B0D5F-7413-4F77-A3B9-7FDE4C2027AC}.Debug|x64.Build.0 = Debug|Any CPU
		{461B0D5F-7413-4F77-A3B9-7FDE4C2027AC}.Debug|x86.ActiveCfg = Debug|Any CPU
		{461B0D5F-7413-4F77-A3B9-7FDE4C2027AC}.Debug|x86.Build.0 = Debug|Any CPU
		{461B0D5F-7413-4F77-A3B9-7FDE4C2027AC}.Release|Any CPU.ActiveCfg = Release|Any CPU
		{461B0D5F-7413-4F77-A3B9-7FDE4C2027AC}.Release|Any CPU.Build.0 = Release|Any CPU
		{461B0D5F-7413-4F77-A3B9-7FDE4C2027AC}.Release|x64.ActiveCfg = Release|Any CPU
		{461B0D5F-7413-4F77-A3B9-7FDE4C2027AC}.Release|x64.Build.0 = Release|Any CPU
		{461B0D5F-7413-4F77-A3B9-7FDE4C2027AC}.Release|x86.ActiveCfg = Release|Any CPU
		{461B0D5F-7413-4F77-A3B9-7FDE4C2027AC}.Release|x86.Build.0 = Release|Any CPU
		{75F9AECA-79C1-49F0-BF0E-975619DC92E3}.Debug|Any CPU.ActiveCfg = Debug|Any CPU
		{75F9AECA-79C1-49F0-BF0E-975619DC92E3}.Debug|Any CPU.Build.0 = Debug|Any CPU
		{75F9AECA-79C1-49F0-BF0E-975619DC92E3}.Debug|x64.ActiveCfg = Debug|Any CPU
		{75F9AECA-79C1-49F0-BF0E-975619DC92E3}.Debug|x64.Build.0 = Debug|Any CPU
		{75F9AECA-79C1-49F0-BF0E-975619DC92E3}.Debug|x86.ActiveCfg = Debug|Any CPU
		{75F9AECA-79C1-49F0-BF0E-975619DC92E3}.Debug|x86.Build.0 = Debug|Any CPU
		{75F9AECA-79C1-49F0-BF0E-975619DC92E3}.Release|Any CPU.ActiveCfg = Release|Any CPU
		{75F9AECA-79C1-49F0-BF0E-975619DC92E3}.Release|Any CPU.Build.0 = Release|Any CPU
		{75F9AECA-79C1-49F0-BF0E-975619DC92E3}.Release|x64.ActiveCfg = Release|Any CPU
		{75F9AECA-79C1-49F0-BF0E-975619DC92E3}.Release|x64.Build.0 = Release|Any CPU
		{75F9AECA-79C1-49F0-BF0E-975619DC92E3}.Release|x86.ActiveCfg = Release|Any CPU
		{75F9AECA-79C1-49F0-BF0E-975619DC92E3}.Release|x86.Build.0 = Release|Any CPU
		{7FE4A182-D1BC-4363-A6D6-1E05914E675A}.Debug|Any CPU.ActiveCfg = Debug|Any CPU
		{7FE4A182-D1BC-4363-A6D6-1E05914E675A}.Debug|Any CPU.Build.0 = Debug|Any CPU
		{7FE4A182-D1BC-4363-A6D6-1E05914E675A}.Debug|x64.ActiveCfg = Debug|Any CPU
		{7FE4A182-D1BC-4363-A6D6-1E05914E675A}.Debug|x64.Build.0 = Debug|Any CPU
		{7FE4A182-D1BC-4363-A6D6-1E05914E675A}.Debug|x86.ActiveCfg = Debug|Any CPU
		{7FE4A182-D1BC-4363-A6D6-1E05914E675A}.Debug|x86.Build.0 = Debug|Any CPU
		{7FE4A182-D1BC-4363-A6D6-1E05914E675A}.Release|Any CPU.ActiveCfg = Release|Any CPU
		{7FE4A182-D1BC-4363-A6D6-1E05914E675A}.Release|Any CPU.Build.0 = Release|Any CPU
		{7FE4A182-D1BC-4363-A6D6-1E05914E675A}.Release|x64.ActiveCfg = Release|Any CPU
		{7FE4A182-D1BC-4363-A6D6-1E05914E675A}.Release|x64.Build.0 = Release|Any CPU
		{7FE4A182-D1BC-4363-A6D6-1E05914E675A}.Release|x86.ActiveCfg = Release|Any CPU
		{7FE4A182-D1BC-4363-A6D6-1E05914E675A}.Release|x86.Build.0 = Release|Any CPU
		{1B2F0FFC-4ABB-4046-9B68-EE97D5ED0382}.Debug|Any CPU.ActiveCfg = Debug|Any CPU
		{1B2F0FFC-4ABB-4046-9B68-EE97D5ED0382}.Debug|Any CPU.Build.0 = Debug|Any CPU
		{1B2F0FFC-4ABB-4046-9B68-EE97D5ED0382}.Debug|x64.ActiveCfg = Debug|Any CPU
		{1B2F0FFC-4ABB-4046-9B68-EE97D5ED0382}.Debug|x64.Build.0 = Debug|Any CPU
		{1B2F0FFC-4ABB-4046-9B68-EE97D5ED0382}.Debug|x86.ActiveCfg = Debug|Any CPU
		{1B2F0FFC-4ABB-4046-9B68-EE97D5ED0382}.Debug|x86.Build.0 = Debug|Any CPU
		{1B2F0FFC-4ABB-4046-9B68-EE97D5ED0382}.Release|Any CPU.ActiveCfg = Release|Any CPU
		{1B2F0FFC-4ABB-4046-9B68-EE97D5ED0382}.Release|Any CPU.Build.0 = Release|Any CPU
		{1B2F0FFC-4ABB-4046-9B68-EE97D5ED0382}.Release|x64.ActiveCfg = Release|Any CPU
		{1B2F0FFC-4ABB-4046-9B68-EE97D5ED0382}.Release|x64.Build.0 = Release|Any CPU
		{1B2F0FFC-4ABB-4046-9B68-EE97D5ED0382}.Release|x86.ActiveCfg = Release|Any CPU
		{1B2F0FFC-4ABB-4046-9B68-EE97D5ED0382}.Release|x86.Build.0 = Release|Any CPU
		{D94E31D1-14C4-4EAE-A5EC-63B51FC4746A}.Debug|Any CPU.ActiveCfg = Debug|Any CPU
		{D94E31D1-14C4-4EAE-A5EC-63B51FC4746A}.Debug|Any CPU.Build.0 = Debug|Any CPU
		{D94E31D1-14C4-4EAE-A5EC-63B51FC4746A}.Debug|x64.ActiveCfg = Debug|Any CPU
		{D94E31D1-14C4-4EAE-A5EC-63B51FC4746A}.Debug|x64.Build.0 = Debug|Any CPU
		{D94E31D1-14C4-4EAE-A5EC-63B51FC4746A}.Debug|x86.ActiveCfg = Debug|Any CPU
		{D94E31D1-14C4-4EAE-A5EC-63B51FC4746A}.Debug|x86.Build.0 = Debug|Any CPU
		{D94E31D1-14C4-4EAE-A5EC-63B51FC4746A}.Release|Any CPU.ActiveCfg = Release|Any CPU
		{D94E31D1-14C4-4EAE-A5EC-63B51FC4746A}.Release|Any CPU.Build.0 = Release|Any CPU
		{D94E31D1-14C4-4EAE-A5EC-63B51FC4746A}.Release|x64.ActiveCfg = Release|Any CPU
		{D94E31D1-14C4-4EAE-A5EC-63B51FC4746A}.Release|x64.Build.0 = Release|Any CPU
		{D94E31D1-14C4-4EAE-A5EC-63B51FC4746A}.Release|x86.ActiveCfg = Release|Any CPU
		{D94E31D1-14C4-4EAE-A5EC-63B51FC4746A}.Release|x86.Build.0 = Release|Any CPU
		{0C4C89B6-2562-4736-932D-D546044215B9}.Debug|Any CPU.ActiveCfg = Debug|Any CPU
		{0C4C89B6-2562-4736-932D-D546044215B9}.Debug|Any CPU.Build.0 = Debug|Any CPU
		{0C4C89B6-2562-4736-932D-D546044215B9}.Debug|x64.ActiveCfg = Debug|Any CPU
		{0C4C89B6-2562-4736-932D-D546044215B9}.Debug|x64.Build.0 = Debug|Any CPU
		{0C4C89B6-2562-4736-932D-D546044215B9}.Debug|x86.ActiveCfg = Debug|Any CPU
		{0C4C89B6-2562-4736-932D-D546044215B9}.Debug|x86.Build.0 = Debug|Any CPU
		{0C4C89B6-2562-4736-932D-D546044215B9}.Release|Any CPU.ActiveCfg = Release|Any CPU
		{0C4C89B6-2562-4736-932D-D546044215B9}.Release|Any CPU.Build.0 = Release|Any CPU
		{0C4C89B6-2562-4736-932D-D546044215B9}.Release|x64.ActiveCfg = Release|Any CPU
		{0C4C89B6-2562-4736-932D-D546044215B9}.Release|x64.Build.0 = Release|Any CPU
		{0C4C89B6-2562-4736-932D-D546044215B9}.Release|x86.ActiveCfg = Release|Any CPU
		{0C4C89B6-2562-4736-932D-D546044215B9}.Release|x86.Build.0 = Release|Any CPU
		{EB406B59-885B-44F6-8D3B-13DF2B6CA736}.Debug|Any CPU.ActiveCfg = Debug|Any CPU
		{EB406B59-885B-44F6-8D3B-13DF2B6CA736}.Debug|Any CPU.Build.0 = Debug|Any CPU
		{EB406B59-885B-44F6-8D3B-13DF2B6CA736}.Debug|x64.ActiveCfg = Debug|Any CPU
		{EB406B59-885B-44F6-8D3B-13DF2B6CA736}.Debug|x64.Build.0 = Debug|Any CPU
		{EB406B59-885B-44F6-8D3B-13DF2B6CA736}.Debug|x86.ActiveCfg = Debug|Any CPU
		{EB406B59-885B-44F6-8D3B-13DF2B6CA736}.Debug|x86.Build.0 = Debug|Any CPU
		{EB406B59-885B-44F6-8D3B-13DF2B6CA736}.Release|Any CPU.ActiveCfg = Release|Any CPU
		{EB406B59-885B-44F6-8D3B-13DF2B6CA736}.Release|Any CPU.Build.0 = Release|Any CPU
		{EB406B59-885B-44F6-8D3B-13DF2B6CA736}.Release|x64.ActiveCfg = Release|Any CPU
		{EB406B59-885B-44F6-8D3B-13DF2B6CA736}.Release|x64.Build.0 = Release|Any CPU
		{EB406B59-885B-44F6-8D3B-13DF2B6CA736}.Release|x86.ActiveCfg = Release|Any CPU
		{EB406B59-885B-44F6-8D3B-13DF2B6CA736}.Release|x86.Build.0 = Release|Any CPU
		{2E9A16A7-E7A5-42EE-941C-CCF3B5C112F4}.Debug|Any CPU.ActiveCfg = Debug|Any CPU
		{2E9A16A7-E7A5-42EE-941C-CCF3B5C112F4}.Debug|Any CPU.Build.0 = Debug|Any CPU
		{2E9A16A7-E7A5-42EE-941C-CCF3B5C112F4}.Debug|x64.ActiveCfg = Debug|Any CPU
		{2E9A16A7-E7A5-42EE-941C-CCF3B5C112F4}.Debug|x64.Build.0 = Debug|Any CPU
		{2E9A16A7-E7A5-42EE-941C-CCF3B5C112F4}.Debug|x86.ActiveCfg = Debug|Any CPU
		{2E9A16A7-E7A5-42EE-941C-CCF3B5C112F4}.Debug|x86.Build.0 = Debug|Any CPU
		{2E9A16A7-E7A5-42EE-941C-CCF3B5C112F4}.Release|Any CPU.ActiveCfg = Release|Any CPU
		{2E9A16A7-E7A5-42EE-941C-CCF3B5C112F4}.Release|Any CPU.Build.0 = Release|Any CPU
		{2E9A16A7-E7A5-42EE-941C-CCF3B5C112F4}.Release|x64.ActiveCfg = Release|Any CPU
		{2E9A16A7-E7A5-42EE-941C-CCF3B5C112F4}.Release|x64.Build.0 = Release|Any CPU
		{2E9A16A7-E7A5-42EE-941C-CCF3B5C112F4}.Release|x86.ActiveCfg = Release|Any CPU
		{2E9A16A7-E7A5-42EE-941C-CCF3B5C112F4}.Release|x86.Build.0 = Release|Any CPU
		{BB25544C-CA65-43CA-8A6D-221D12CCF97D}.Debug|Any CPU.ActiveCfg = Debug|Any CPU
		{BB25544C-CA65-43CA-8A6D-221D12CCF97D}.Debug|Any CPU.Build.0 = Debug|Any CPU
		{BB25544C-CA65-43CA-8A6D-221D12CCF97D}.Debug|x64.ActiveCfg = Debug|Any CPU
		{BB25544C-CA65-43CA-8A6D-221D12CCF97D}.Debug|x64.Build.0 = Debug|Any CPU
		{BB25544C-CA65-43CA-8A6D-221D12CCF97D}.Debug|x86.ActiveCfg = Debug|Any CPU
		{BB25544C-CA65-43CA-8A6D-221D12CCF97D}.Debug|x86.Build.0 = Debug|Any CPU
		{BB25544C-CA65-43CA-8A6D-221D12CCF97D}.Release|Any CPU.ActiveCfg = Release|Any CPU
		{BB25544C-CA65-43CA-8A6D-221D12CCF97D}.Release|Any CPU.Build.0 = Release|Any CPU
		{BB25544C-CA65-43CA-8A6D-221D12CCF97D}.Release|x64.ActiveCfg = Release|Any CPU
		{BB25544C-CA65-43CA-8A6D-221D12CCF97D}.Release|x64.Build.0 = Release|Any CPU
		{BB25544C-CA65-43CA-8A6D-221D12CCF97D}.Release|x86.ActiveCfg = Release|Any CPU
		{BB25544C-CA65-43CA-8A6D-221D12CCF97D}.Release|x86.Build.0 = Release|Any CPU
	EndGlobalSection
	GlobalSection(SolutionProperties) = preSolution
		HideSolutionNode = FALSE
	EndGlobalSection
	GlobalSection(NestedProjects) = preSolution
		{90298CBA-BD6F-3A0A-69D5-97CAD7B05E7E} = {827E0CD3-B72D-47B6-A68D-7590B98EB39B}
		{C63B6132-EBBA-42BA-B7AF-6B3CBBD1A116} = {90298CBA-BD6F-3A0A-69D5-97CAD7B05E7E}
		{E4F0A99D-F354-4359-AA32-7DE1971DE07C} = {827E0CD3-B72D-47B6-A68D-7590B98EB39B}
		{EC447DCF-ABFA-6E24-52A5-D7FD48A5C558} = {827E0CD3-B72D-47B6-A68D-7590B98EB39B}
		{1E1EF545-4C18-AEE2-B997-7EF431518D3F} = {EC447DCF-ABFA-6E24-52A5-D7FD48A5C558}
		{81736D6C-8CEA-48B8-5EA0-C79902F563B6} = {1E1EF545-4C18-AEE2-B997-7EF431518D3F}
		{7E3CBC8E-B87A-4528-8B27-8924C8AD0193} = {81736D6C-8CEA-48B8-5EA0-C79902F563B6}
		{4371E740-2D6F-8592-4DE1-CCD41F57C855} = {1E1EF545-4C18-AEE2-B997-7EF431518D3F}
		{CBB1702B-853F-4AE1-90F0-0140C21ECD2B} = {4371E740-2D6F-8592-4DE1-CCD41F57C855}
		{AEA5FB4D-85F1-9161-431C-803672BCB9B3} = {1E1EF545-4C18-AEE2-B997-7EF431518D3F}
		{AB9BB8EF-5FBE-495A-B077-2C25B406D7BC} = {AEA5FB4D-85F1-9161-431C-803672BCB9B3}
		{42F652B7-387F-F0BA-8491-91ACDCB83E28} = {1E1EF545-4C18-AEE2-B997-7EF431518D3F}
		{BCEB2ED4-EAC3-4391-8CFD-3CB3F2C34204} = {42F652B7-387F-F0BA-8491-91ACDCB83E28}
		{EC506708-7C52-715F-C46E-DCA9049D9940} = {EC447DCF-ABFA-6E24-52A5-D7FD48A5C558}
		{67ECC960-8458-3F6B-60C1-7CD830D1AFB2} = {EC506708-7C52-715F-C46E-DCA9049D9940}
		{C6A9C241-E20D-49AD-ACE0-E27A3A9210C2} = {67ECC960-8458-3F6B-60C1-7CD830D1AFB2}
		{6EC41617-CB63-E5D7-C1DB-C7D08171D81B} = {EC506708-7C52-715F-C46E-DCA9049D9940}
		{06554F2F-4976-4048-BF2F-D36CCC85D49A} = {6EC41617-CB63-E5D7-C1DB-C7D08171D81B}
		{187220CF-EE35-9B8F-1A7C-2D07FCB92CBD} = {EC506708-7C52-715F-C46E-DCA9049D9940}
		{F84CD4CB-B909-4060-BB39-7DEC88614DCB} = {187220CF-EE35-9B8F-1A7C-2D07FCB92CBD}
		{DDF3ECE9-AC21-5E10-2428-0AE6EB34B83B} = {EC506708-7C52-715F-C46E-DCA9049D9940}
		{9B6DFDAC-AA1F-4F87-B68C-0D1FE61509D1} = {DDF3ECE9-AC21-5E10-2428-0AE6EB34B83B}
		{C9E1B07B-A222-607C-4164-45402BCE8C48} = {EC447DCF-ABFA-6E24-52A5-D7FD48A5C558}
		{B532D852-F875-52B7-2583-A111F2EC4797} = {C9E1B07B-A222-607C-4164-45402BCE8C48}
		{AC4D3ADA-58AF-42A8-8543-85E2CA855907} = {B532D852-F875-52B7-2583-A111F2EC4797}
		{535223EB-7AE7-2DBF-7587-B3FAAF0C1F22} = {C9E1B07B-A222-607C-4164-45402BCE8C48}
		{461B0D5F-7413-4F77-A3B9-7FDE4C2027AC} = {535223EB-7AE7-2DBF-7587-B3FAAF0C1F22}
		{722E447C-E1D8-6A5E-3E3E-7DBB094CB4EC} = {C9E1B07B-A222-607C-4164-45402BCE8C48}
		{75F9AECA-79C1-49F0-BF0E-975619DC92E3} = {722E447C-E1D8-6A5E-3E3E-7DBB094CB4EC}
		{66C42229-F9A9-4045-3BF7-0C189D171D71} = {C9E1B07B-A222-607C-4164-45402BCE8C48}
		{7FE4A182-D1BC-4363-A6D6-1E05914E675A} = {66C42229-F9A9-4045-3BF7-0C189D171D71}
		{0EC62A1A-9858-3A60-8A0C-FC9AACFA2EC7} = {EC447DCF-ABFA-6E24-52A5-D7FD48A5C558}
		{4D5DCD5F-56A9-CDDD-B2B1-3C00DD2DF930} = {0EC62A1A-9858-3A60-8A0C-FC9AACFA2EC7}
		{1B2F0FFC-4ABB-4046-9B68-EE97D5ED0382} = {4D5DCD5F-56A9-CDDD-B2B1-3C00DD2DF930}
		{0DE85A42-5AB0-179C-733E-58510D3B8784} = {0EC62A1A-9858-3A60-8A0C-FC9AACFA2EC7}
		{D94E31D1-14C4-4EAE-A5EC-63B51FC4746A} = {0DE85A42-5AB0-179C-733E-58510D3B8784}
		{4780257D-0BA4-5E80-C62C-815EC08EBD56} = {0EC62A1A-9858-3A60-8A0C-FC9AACFA2EC7}
		{0C4C89B6-2562-4736-932D-D546044215B9} = {4780257D-0BA4-5E80-C62C-815EC08EBD56}
		{72D4D0F4-6E83-931B-2493-A2C773F0B32E} = {0EC62A1A-9858-3A60-8A0C-FC9AACFA2EC7}
		{EB406B59-885B-44F6-8D3B-13DF2B6CA736} = {72D4D0F4-6E83-931B-2493-A2C773F0B32E}
		{81034408-37C8-1011-444E-4C15C2FADA8E} = {827E0CD3-B72D-47B6-A68D-7590B98EB39B}
		{2E9A16A7-E7A5-42EE-941C-CCF3B5C112F4} = {81034408-37C8-1011-444E-4C15C2FADA8E}
		{85F909CB-8F14-ECC8-BA9D-713D1771907F} = {827E0CD3-B72D-47B6-A68D-7590B98EB39B}
		{BB25544C-CA65-43CA-8A6D-221D12CCF97D} = {85F909CB-8F14-ECC8-BA9D-713D1771907F}
	EndGlobalSection
EndGlobal
